
Microsoft Visual Studio Solution File, Format Version 12.00
# Visual Studio Version 17
VisualStudioVersion = 17.0.32112.339
MinimumVisualStudioVersion = 10.0.40219.1
Project("{FAE04EC0-301F-11D3-BF4B-00C04F79EFBC}") = "UWPPBO", "UWPPBO\UWPPBO.csproj", "{BBF26DB1-23E1-4478-957C-947EA7DE5520}"
EndProject
Global
	GlobalSection(SolutionConfigurationPlatforms) = preSolution
		Debug|ARM = Debug|ARM
		Debug|ARM64 = Debug|ARM64
		Debug|x64 = Debug|x64
		Debug|x86 = Debug|x86
		Release|ARM = Release|ARM
		Release|ARM64 = Release|ARM64
		Release|x64 = Release|x64
		Release|x86 = Release|x86
	EndGlobalSection
	GlobalSection(ProjectConfigurationPlatforms) = postSolution
		{BBF26DB1-23E1-4478-957C-947EA7DE5520}.Debug|ARM.ActiveCfg = Debug|ARM
		{BBF26DB1-23E1-4478-957C-947EA7DE5520}.Debug|ARM.Build.0 = Debug|ARM
		{BBF26DB1-23E1-4478-957C-947EA7DE5520}.Debug|ARM.Deploy.0 = Debug|ARM
		{BBF26DB1-23E1-4478-957C-947EA7DE5520}.Debug|ARM64.ActiveCfg = Debug|ARM64
		{BBF26DB1-23E1-4478-957C-947EA7DE5520}.Debug|ARM64.Build.0 = Debug|ARM64
		{BBF26DB1-23E1-4478-957C-947EA7DE5520}.Debug|ARM64.Deploy.0 = Debug|ARM64
		{BBF26DB1-23E1-4478-957C-947EA7DE5520}.Debug|x64.ActiveCfg = Debug|x64
		{BBF26DB1-23E1-4478-957C-947EA7DE5520}.Debug|x64.Build.0 = Debug|x64
		{BBF26DB1-23E1-4478-957C-947EA7DE5520}.Debug|x64.Deploy.0 = Debug|x64
		{BBF26DB1-23E1-4478-957C-947EA7DE5520}.Debug|x86.ActiveCfg = Debug|x86
		{BBF26DB1-23E1-4478-957C-947EA7DE5520}.Debug|x86.Build.0 = Debug|x86
		{BBF26DB1-23E1-4478-957C-947EA7DE5520}.Debug|x86.Deploy.0 = Debug|x86
		{BBF26DB1-23E1-4478-957C-947EA7DE5520}.Release|ARM.ActiveCfg = Release|ARM
		{BBF26DB1-23E1-4478-957C-947EA7DE5520}.Release|ARM.Build.0 = Release|ARM
		{BBF26DB1-23E1-4478-957C-947EA7DE5520}.Release|ARM.Deploy.0 = Release|ARM
		{BBF26DB1-23E1-4478-957C-947EA7DE5520}.Release|ARM64.ActiveCfg = Release|ARM64
		{BBF26DB1-23E1-4478-957C-947EA7DE5520}.Release|ARM64.Build.0 = Release|ARM64
		{BBF26DB1-23E1-4478-957C-947EA7DE5520}.Release|ARM64.Deploy.0 = Release|ARM64
		{BBF26DB1-23E1-4478-957C-947EA7DE5520}.Release|x64.ActiveCfg = Release|x64
		{BBF26DB1-23E1-4478-957C-947EA7DE5520}.Release|x64.Build.0 = Release|x64
		{BBF26DB1-23E1-4478-957C-947EA7DE5520}.Release|x64.Deploy.0 = Release|x64
		{BBF26DB1-23E1-4478-957C-947EA7DE5520}.Release|x86.ActiveCfg = Release|x86
		{BBF26DB1-23E1-4478-957C-947EA7DE5520}.Release|x86.Build.0 = Release|x86
		{BBF26DB1-23E1-4478-957C-947EA7DE5520}.Release|x86.Deploy.0 = Release|x86
	EndGlobalSection
	GlobalSection(SolutionProperties) = preSolution
		HideSolutionNode = FALSE
	EndGlobalSection
	GlobalSection(ExtensibilityGlobals) = postSolution
		SolutionGuid = {80882CAC-2BBF-4CC7-810C-C05FBD14F8DC}
	EndGlobalSection
EndGlobal
